
Microsoft Visual Studio Solution File, Format Version 12.00
# Visual Studio 15
VisualStudioVersion = 15.0.28307.168
MinimumVisualStudioVersion = 10.0.40219.1
Project("{9092AA53-FB77-4645-B42D-1CCCA6BD08BD}") = "Plant Animator", "Plant Animator\Plant Animator.njsproj", "{D6C58330-BE23-4290-9362-1026E6626136}"
EndProject
Global
	GlobalSection(SolutionConfigurationPlatforms) = preSolution
		Debug|Any CPU = Debug|Any CPU
		Release|Any CPU = Release|Any CPU
	EndGlobalSection
	GlobalSection(ProjectConfigurationPlatforms) = postSolution
		{D6C58330-BE23-4290-9362-1026E6626136}.Debug|Any CPU.ActiveCfg = Debug|Any CPU
		{D6C58330-BE23-4290-9362-1026E6626136}.Debug|Any CPU.Build.0 = Debug|Any CPU
		{D6C58330-BE23-4290-9362-1026E6626136}.Release|Any CPU.ActiveCfg = Release|Any CPU
		{D6C58330-BE23-4290-9362-1026E6626136}.Release|Any CPU.Build.0 = Release|Any CPU
	EndGlobalSection
	GlobalSection(SolutionProperties) = preSolution
		HideSolutionNode = FALSE
	EndGlobalSection
	GlobalSection(ExtensibilityGlobals) = postSolution
		SolutionGuid = {19A2CA3C-7D31-4B63-9216-2AC2CDB94558}
	EndGlobalSection
EndGlobal
